// !$*UTF8*$!
{
	archiveVersion = 1;
	classes = {
	};
	objectVersion = 56;
	objects = {

/* Begin PBXBuildFile section */
		A90284652BBB2FA500C16CB7 /* custom_fido_appApp.swift in Sources */ = {isa = PBXBuildFile; fileRef = A90284642BBB2FA500C16CB7 /* custom_fido_appApp.swift */; };
		A90284672BBB2FA500C16CB7 /* ContentView.swift in Sources */ = {isa = PBXBuildFile; fileRef = A90284662BBB2FA500C16CB7 /* ContentView.swift */; };
		A90284692BBB2FA600C16CB7 /* Assets.xcassets in Resources */ = {isa = PBXBuildFile; fileRef = A90284682BBB2FA600C16CB7 /* Assets.xcassets */; };
		A902846C2BBB2FA600C16CB7 /* Preview Assets.xcassets in Resources */ = {isa = PBXBuildFile; fileRef = A902846B2BBB2FA600C16CB7 /* Preview Assets.xcassets */; };
		A90284762BBB2FA600C16CB7 /* custom_fido_appTests.swift in Sources */ = {isa = PBXBuildFile; fileRef = A90284752BBB2FA600C16CB7 /* custom_fido_appTests.swift */; };
		A90284802BBB2FA600C16CB7 /* custom_fido_appUITests.swift in Sources */ = {isa = PBXBuildFile; fileRef = A902847F2BBB2FA600C16CB7 /* custom_fido_appUITests.swift */; };
		A90284822BBB2FA600C16CB7 /* custom_fido_appUITestsLaunchTests.swift in Sources */ = {isa = PBXBuildFile; fileRef = A90284812BBB2FA600C16CB7 /* custom_fido_appUITestsLaunchTests.swift */; };
		A90284B32BBB467500C16CB7 /* Attestation.swift in Sources */ = {isa = PBXBuildFile; fileRef = A90284912BBB43B700C16CB7 /* Attestation.swift */; };
		A90284B42BBB467500C16CB7 /* Authenticator.swift in Sources */ = {isa = PBXBuildFile; fileRef = A90284922BBB43B700C16CB7 /* Authenticator.swift */; };
		A90284B52BBB467500C16CB7 /* AuthenticatorCreateCredentialsSession.swift in Sources */ = {isa = PBXBuildFile; fileRef = A90284932BBB43B700C16CB7 /* AuthenticatorCreateCredentialsSession.swift */; };
		A90284B62BBB467500C16CB7 /* AuthenticatorData.swift in Sources */ = {isa = PBXBuildFile; fileRef = A90284942BBB43B700C16CB7 /* AuthenticatorData.swift */; };
		A90284B72BBB467500C16CB7 /* AuthenticatorProvider.swift in Sources */ = {isa = PBXBuildFile; fileRef = A90284952BBB43B700C16CB7 /* AuthenticatorProvider.swift */; };
		A90284B82BBB467500C16CB7 /* BiometricVerification.swift in Sources */ = {isa = PBXBuildFile; fileRef = A90284962BBB43B700C16CB7 /* BiometricVerification.swift */; };
		A90284B92BBB467500C16CB7 /* KeySupport.swift in Sources */ = {isa = PBXBuildFile; fileRef = A90284972BBB43B700C16CB7 /* KeySupport.swift */; };
		A90284BA2BBB467500C16CB7 /* SelfAttestation.swift in Sources */ = {isa = PBXBuildFile; fileRef = A90284982BBB43B700C16CB7 /* SelfAttestation.swift */; };
		A90284BB2BBB467500C16CB7 /* KeyPair.swift in Sources */ = {isa = PBXBuildFile; fileRef = A902849A2BBB43B700C16CB7 /* KeyPair.swift */; };
		A90284BD2BBB467500C16CB7 /* Base64.swift in Sources */ = {isa = PBXBuildFile; fileRef = A902849D2BBB43B700C16CB7 /* Base64.swift */; };
		A90284BE2BBB467500C16CB7 /* CBOR.swift in Sources */ = {isa = PBXBuildFile; fileRef = A902849E2BBB43B700C16CB7 /* CBOR.swift */; };
		A90284BF2BBB467500C16CB7 /* COSE.swift in Sources */ = {isa = PBXBuildFile; fileRef = A902849F2BBB43B700C16CB7 /* COSE.swift */; };
		A90284C02BBB467500C16CB7 /* Hex.swift in Sources */ = {isa = PBXBuildFile; fileRef = A90284A02BBB43B700C16CB7 /* Hex.swift */; };
		A90284C12BBB467500C16CB7 /* JSON.swift in Sources */ = {isa = PBXBuildFile; fileRef = A90284A12BBB43B700C16CB7 /* JSON.swift */; };
		A90284C22BBB467500C16CB7 /* Logger.swift in Sources */ = {isa = PBXBuildFile; fileRef = A90284A22BBB43B700C16CB7 /* Logger.swift */; };
		A90284C32BBB467500C16CB7 /* UUID.swift in Sources */ = {isa = PBXBuildFile; fileRef = A90284A32BBB43B700C16CB7 /* UUID.swift */; };
		A90284C42BBB467500C16CB7 /* ClientCreateOperation.swift in Sources */ = {isa = PBXBuildFile; fileRef = A90284A52BBB43B700C16CB7 /* ClientCreateOperation.swift */; };
		A90284C52BBB467500C16CB7 /* ClientGetOperation.swift in Sources */ = {isa = PBXBuildFile; fileRef = A90284A62BBB43B700C16CB7 /* ClientGetOperation.swift */; };
		A90284C62BBB467500C16CB7 /* CredentialSource.swift in Sources */ = {isa = PBXBuildFile; fileRef = A90284A82BBB43B700C16CB7 /* CredentialSource.swift */; };
		A90284C72BBB467500C16CB7 /* CredentialStore.swift in Sources */ = {isa = PBXBuildFile; fileRef = A90284A92BBB43B700C16CB7 /* CredentialStore.swift */; };
		A90284C82BBB467500C16CB7 /* Fido2Types.swift in Sources */ = {isa = PBXBuildFile; fileRef = A90284AB2BBB43B700C16CB7 /* Fido2Types.swift */; };
		A90284C92BBB467500C16CB7 /* Fido2Auth.swift in Sources */ = {isa = PBXBuildFile; fileRef = A90284AD2BBB43B700C16CB7 /* Fido2Auth.swift */; };
		A90284CD2BBBAB7300C16CB7 /* JWTDecode in Frameworks */ = {isa = PBXBuildFile; productRef = A90284CC2BBBAB7300C16CB7 /* JWTDecode */; };
		A90284CF2BBDC5E900C16CB7 /* AuthenticatorGetCredentialsAssertionSession.swift in Sources */ = {isa = PBXBuildFile; fileRef = A90284CE2BBDC5E900C16CB7 /* AuthenticatorGetCredentialsAssertionSession.swift */; };
		A9592FD62BC61603008EE0EF /* PublicKey.swift in Sources */ = {isa = PBXBuildFile; fileRef = A9592FD52BC61603008EE0EF /* PublicKey.swift */; };
/* End PBXBuildFile section */

/* Begin PBXContainerItemProxy section */
		A90284722BBB2FA600C16CB7 /* PBXContainerItemProxy */ = {
			isa = PBXContainerItemProxy;
			containerPortal = A90284592BBB2FA400C16CB7 /* Project object */;
			proxyType = 1;
			remoteGlobalIDString = A90284602BBB2FA500C16CB7;
			remoteInfo = "custom-fido-app";
		};
		A902847C2BBB2FA600C16CB7 /* PBXContainerItemProxy */ = {
			isa = PBXContainerItemProxy;
			containerPortal = A90284592BBB2FA400C16CB7 /* Project object */;
			proxyType = 1;
			remoteGlobalIDString = A90284602BBB2FA500C16CB7;
			remoteInfo = "custom-fido-app";
		};
/* End PBXContainerItemProxy section */

/* Begin PBXFileReference section */
		A90284612BBB2FA500C16CB7 /* custom-fido-app.app */ = {isa = PBXFileReference; explicitFileType = wrapper.application; includeInIndex = 0; path = "custom-fido-app.app"; sourceTree = BUILT_PRODUCTS_DIR; };
		A90284642BBB2FA500C16CB7 /* custom_fido_appApp.swift */ = {isa = PBXFileReference; lastKnownFileType = sourcecode.swift; path = custom_fido_appApp.swift; sourceTree = "<group>"; };
		A90284662BBB2FA500C16CB7 /* ContentView.swift */ = {isa = PBXFileReference; lastKnownFileType = sourcecode.swift; path = ContentView.swift; sourceTree = "<group>"; };
		A90284682BBB2FA600C16CB7 /* Assets.xcassets */ = {isa = PBXFileReference; lastKnownFileType = folder.assetcatalog; path = Assets.xcassets; sourceTree = "<group>"; };
		A902846B2BBB2FA600C16CB7 /* Preview Assets.xcassets */ = {isa = PBXFileReference; lastKnownFileType = folder.assetcatalog; path = "Preview Assets.xcassets"; sourceTree = "<group>"; };
		A90284712BBB2FA600C16CB7 /* custom-fido-appTests.xctest */ = {isa = PBXFileReference; explicitFileType = wrapper.cfbundle; includeInIndex = 0; path = "custom-fido-appTests.xctest"; sourceTree = BUILT_PRODUCTS_DIR; };
		A90284752BBB2FA600C16CB7 /* custom_fido_appTests.swift */ = {isa = PBXFileReference; lastKnownFileType = sourcecode.swift; path = custom_fido_appTests.swift; sourceTree = "<group>"; };
		A902847B2BBB2FA600C16CB7 /* custom-fido-appUITests.xctest */ = {isa = PBXFileReference; explicitFileType = wrapper.cfbundle; includeInIndex = 0; path = "custom-fido-appUITests.xctest"; sourceTree = BUILT_PRODUCTS_DIR; };
		A902847F2BBB2FA600C16CB7 /* custom_fido_appUITests.swift */ = {isa = PBXFileReference; lastKnownFileType = sourcecode.swift; path = custom_fido_appUITests.swift; sourceTree = "<group>"; };
		A90284812BBB2FA600C16CB7 /* custom_fido_appUITestsLaunchTests.swift */ = {isa = PBXFileReference; lastKnownFileType = sourcecode.swift; path = custom_fido_appUITestsLaunchTests.swift; sourceTree = "<group>"; };
		A90284912BBB43B700C16CB7 /* Attestation.swift */ = {isa = PBXFileReference; lastKnownFileType = sourcecode.swift; path = Attestation.swift; sourceTree = "<group>"; };
		A90284922BBB43B700C16CB7 /* Authenticator.swift */ = {isa = PBXFileReference; lastKnownFileType = sourcecode.swift; path = Authenticator.swift; sourceTree = "<group>"; };
		A90284932BBB43B700C16CB7 /* AuthenticatorCreateCredentialsSession.swift */ = {isa = PBXFileReference; lastKnownFileType = sourcecode.swift; path = AuthenticatorCreateCredentialsSession.swift; sourceTree = "<group>"; };
		A90284942BBB43B700C16CB7 /* AuthenticatorData.swift */ = {isa = PBXFileReference; lastKnownFileType = sourcecode.swift; path = AuthenticatorData.swift; sourceTree = "<group>"; };
		A90284952BBB43B700C16CB7 /* AuthenticatorProvider.swift */ = {isa = PBXFileReference; lastKnownFileType = sourcecode.swift; path = AuthenticatorProvider.swift; sourceTree = "<group>"; };
		A90284962BBB43B700C16CB7 /* BiometricVerification.swift */ = {isa = PBXFileReference; lastKnownFileType = sourcecode.swift; path = BiometricVerification.swift; sourceTree = "<group>"; };
		A90284972BBB43B700C16CB7 /* KeySupport.swift */ = {isa = PBXFileReference; lastKnownFileType = sourcecode.swift; path = KeySupport.swift; sourceTree = "<group>"; };
		A90284982BBB43B700C16CB7 /* SelfAttestation.swift */ = {isa = PBXFileReference; lastKnownFileType = sourcecode.swift; path = SelfAttestation.swift; sourceTree = "<group>"; };
		A902849A2BBB43B700C16CB7 /* KeyPair.swift */ = {isa = PBXFileReference; lastKnownFileType = sourcecode.swift; path = KeyPair.swift; sourceTree = "<group>"; };
		A902849D2BBB43B700C16CB7 /* Base64.swift */ = {isa = PBXFileReference; lastKnownFileType = sourcecode.swift; path = Base64.swift; sourceTree = "<group>"; };
		A902849E2BBB43B700C16CB7 /* CBOR.swift */ = {isa = PBXFileReference; lastKnownFileType = sourcecode.swift; path = CBOR.swift; sourceTree = "<group>"; };
		A902849F2BBB43B700C16CB7 /* COSE.swift */ = {isa = PBXFileReference; lastKnownFileType = sourcecode.swift; path = COSE.swift; sourceTree = "<group>"; };
		A90284A02BBB43B700C16CB7 /* Hex.swift */ = {isa = PBXFileReference; lastKnownFileType = sourcecode.swift; path = Hex.swift; sourceTree = "<group>"; };
		A90284A12BBB43B700C16CB7 /* JSON.swift */ = {isa = PBXFileReference; lastKnownFileType = sourcecode.swift; path = JSON.swift; sourceTree = "<group>"; };
		A90284A22BBB43B700C16CB7 /* Logger.swift */ = {isa = PBXFileReference; lastKnownFileType = sourcecode.swift; path = Logger.swift; sourceTree = "<group>"; };
		A90284A32BBB43B700C16CB7 /* UUID.swift */ = {isa = PBXFileReference; lastKnownFileType = sourcecode.swift; path = UUID.swift; sourceTree = "<group>"; };
		A90284A52BBB43B700C16CB7 /* ClientCreateOperation.swift */ = {isa = PBXFileReference; lastKnownFileType = sourcecode.swift; path = ClientCreateOperation.swift; sourceTree = "<group>"; };
		A90284A62BBB43B700C16CB7 /* ClientGetOperation.swift */ = {isa = PBXFileReference; lastKnownFileType = sourcecode.swift; path = ClientGetOperation.swift; sourceTree = "<group>"; };
		A90284A82BBB43B700C16CB7 /* CredentialSource.swift */ = {isa = PBXFileReference; lastKnownFileType = sourcecode.swift; path = CredentialSource.swift; sourceTree = "<group>"; };
		A90284A92BBB43B700C16CB7 /* CredentialStore.swift */ = {isa = PBXFileReference; lastKnownFileType = sourcecode.swift; path = CredentialStore.swift; sourceTree = "<group>"; };
		A90284AB2BBB43B700C16CB7 /* Fido2Types.swift */ = {isa = PBXFileReference; lastKnownFileType = sourcecode.swift; path = Fido2Types.swift; sourceTree = "<group>"; };
		A90284AD2BBB43B700C16CB7 /* Fido2Auth.swift */ = {isa = PBXFileReference; lastKnownFileType = sourcecode.swift; path = Fido2Auth.swift; sourceTree = "<group>"; };
		A90284CE2BBDC5E900C16CB7 /* AuthenticatorGetCredentialsAssertionSession.swift */ = {isa = PBXFileReference; lastKnownFileType = sourcecode.swift; path = AuthenticatorGetCredentialsAssertionSession.swift; sourceTree = "<group>"; };
		A9592FD52BC61603008EE0EF /* PublicKey.swift */ = {isa = PBXFileReference; lastKnownFileType = sourcecode.swift; path = PublicKey.swift; sourceTree = "<group>"; };
/* End PBXFileReference section */

/* Begin PBXFrameworksBuildPhase section */
		A902845E2BBB2FA500C16CB7 /* Frameworks */ = {
			isa = PBXFrameworksBuildPhase;
			buildActionMask = 2147483647;
			files = (
				A90284CD2BBBAB7300C16CB7 /* JWTDecode in Frameworks */,
			);
			runOnlyForDeploymentPostprocessing = 0;
		};
		A902846E2BBB2FA600C16CB7 /* Frameworks */ = {
			isa = PBXFrameworksBuildPhase;
			buildActionMask = 2147483647;
			files = (
			);
			runOnlyForDeploymentPostprocessing = 0;
		};
		A90284782BBB2FA600C16CB7 /* Frameworks */ = {
			isa = PBXFrameworksBuildPhase;
			buildActionMask = 2147483647;
			files = (
			);
			runOnlyForDeploymentPostprocessing = 0;
		};
/* End PBXFrameworksBuildPhase section */

/* Begin PBXGroup section */
		A90284582BBB2FA400C16CB7 = {
			isa = PBXGroup;
			children = (
				A90284AF2BBB43B700C16CB7 /* Fido2Auth */,
				A90284632BBB2FA500C16CB7 /* custom-fido-app */,
				A90284742BBB2FA600C16CB7 /* custom-fido-appTests */,
				A902847E2BBB2FA600C16CB7 /* custom-fido-appUITests */,
				A90284622BBB2FA500C16CB7 /* Products */,
				A90284CB2BBBAB7300C16CB7 /* Frameworks */,
			);
			sourceTree = "<group>";
		};
		A90284622BBB2FA500C16CB7 /* Products */ = {
			isa = PBXGroup;
			children = (
				A90284612BBB2FA500C16CB7 /* custom-fido-app.app */,
				A90284712BBB2FA600C16CB7 /* custom-fido-appTests.xctest */,
				A902847B2BBB2FA600C16CB7 /* custom-fido-appUITests.xctest */,
			);
			name = Products;
			sourceTree = "<group>";
		};
		A90284632BBB2FA500C16CB7 /* custom-fido-app */ = {
			isa = PBXGroup;
			children = (
				A90284642BBB2FA500C16CB7 /* custom_fido_appApp.swift */,
				A90284662BBB2FA500C16CB7 /* ContentView.swift */,
				A90284682BBB2FA600C16CB7 /* Assets.xcassets */,
				A902846A2BBB2FA600C16CB7 /* Preview Content */,
			);
			path = "custom-fido-app";
			sourceTree = "<group>";
		};
		A902846A2BBB2FA600C16CB7 /* Preview Content */ = {
			isa = PBXGroup;
			children = (
				A902846B2BBB2FA600C16CB7 /* Preview Assets.xcassets */,
			);
			path = "Preview Content";
			sourceTree = "<group>";
		};
		A90284742BBB2FA600C16CB7 /* custom-fido-appTests */ = {
			isa = PBXGroup;
			children = (
				A90284752BBB2FA600C16CB7 /* custom_fido_appTests.swift */,
			);
			path = "custom-fido-appTests";
			sourceTree = "<group>";
		};
		A902847E2BBB2FA600C16CB7 /* custom-fido-appUITests */ = {
			isa = PBXGroup;
			children = (
				A902847F2BBB2FA600C16CB7 /* custom_fido_appUITests.swift */,
				A90284812BBB2FA600C16CB7 /* custom_fido_appUITestsLaunchTests.swift */,
			);
			path = "custom-fido-appUITests";
			sourceTree = "<group>";
		};
		A90284992BBB43B700C16CB7 /* Authenticator */ = {
			isa = PBXGroup;
			children = (
				A90284912BBB43B700C16CB7 /* Attestation.swift */,
				A90284922BBB43B700C16CB7 /* Authenticator.swift */,
				A90284932BBB43B700C16CB7 /* AuthenticatorCreateCredentialsSession.swift */,
				A90284942BBB43B700C16CB7 /* AuthenticatorData.swift */,
				A90284952BBB43B700C16CB7 /* AuthenticatorProvider.swift */,
				A90284962BBB43B700C16CB7 /* BiometricVerification.swift */,
				A90284972BBB43B700C16CB7 /* KeySupport.swift */,
				A90284982BBB43B700C16CB7 /* SelfAttestation.swift */,
				A90284CE2BBDC5E900C16CB7 /* AuthenticatorGetCredentialsAssertionSession.swift */,
			);
			path = Authenticator;
			sourceTree = "<group>";
		};
		A902849C2BBB43B700C16CB7 /* Certificate */ = {
			isa = PBXGroup;
			children = (
				A902849A2BBB43B700C16CB7 /* KeyPair.swift */,
				A9592FD52BC61603008EE0EF /* PublicKey.swift */,
			);
			path = Certificate;
			sourceTree = "<group>";
		};
		A90284A42BBB43B700C16CB7 /* Helpers */ = {
			isa = PBXGroup;
			children = (
				A902849D2BBB43B700C16CB7 /* Base64.swift */,
				A902849E2BBB43B700C16CB7 /* CBOR.swift */,
				A902849F2BBB43B700C16CB7 /* COSE.swift */,
				A90284A02BBB43B700C16CB7 /* Hex.swift */,
				A90284A12BBB43B700C16CB7 /* JSON.swift */,
				A90284A22BBB43B700C16CB7 /* Logger.swift */,
				A90284A32BBB43B700C16CB7 /* UUID.swift */,
			);
			path = Helpers;
			sourceTree = "<group>";
		};
		A90284A72BBB43B700C16CB7 /* Operations */ = {
			isa = PBXGroup;
			children = (
				A90284A52BBB43B700C16CB7 /* ClientCreateOperation.swift */,
				A90284A62BBB43B700C16CB7 /* ClientGetOperation.swift */,
			);
			path = Operations;
			sourceTree = "<group>";
		};
		A90284AA2BBB43B700C16CB7 /* Store */ = {
			isa = PBXGroup;
			children = (
				A90284A82BBB43B700C16CB7 /* CredentialSource.swift */,
				A90284A92BBB43B700C16CB7 /* CredentialStore.swift */,
			);
			path = Store;
			sourceTree = "<group>";
		};
		A90284AC2BBB43B700C16CB7 /* Types */ = {
			isa = PBXGroup;
			children = (
				A90284AB2BBB43B700C16CB7 /* Fido2Types.swift */,
			);
			path = Types;
			sourceTree = "<group>";
		};
		A90284AF2BBB43B700C16CB7 /* Fido2Auth */ = {
			isa = PBXGroup;
			children = (
				A90284992BBB43B700C16CB7 /* Authenticator */,
				A902849C2BBB43B700C16CB7 /* Certificate */,
				A90284A42BBB43B700C16CB7 /* Helpers */,
				A90284A72BBB43B700C16CB7 /* Operations */,
				A90284AA2BBB43B700C16CB7 /* Store */,
				A90284AC2BBB43B700C16CB7 /* Types */,
				A90284AD2BBB43B700C16CB7 /* Fido2Auth.swift */,
			);
			path = Fido2Auth;
			sourceTree = "<group>";
		};
		A90284CB2BBBAB7300C16CB7 /* Frameworks */ = {
			isa = PBXGroup;
			children = (
			);
			name = Frameworks;
			sourceTree = "<group>";
		};
/* End PBXGroup section */

/* Begin PBXNativeTarget section */
		A90284602BBB2FA500C16CB7 /* custom-fido-app */ = {
			isa = PBXNativeTarget;
			buildConfigurationList = A90284852BBB2FA600C16CB7 /* Build configuration list for PBXNativeTarget "custom-fido-app" */;
			buildPhases = (
				A902845D2BBB2FA500C16CB7 /* Sources */,
				A902845E2BBB2FA500C16CB7 /* Frameworks */,
				A902845F2BBB2FA500C16CB7 /* Resources */,
			);
			buildRules = (
			);
			dependencies = (
			);
			name = "custom-fido-app";
			packageProductDependencies = (
				A90284CC2BBBAB7300C16CB7 /* JWTDecode */,
			);
			productName = "custom-fido-app";
			productReference = A90284612BBB2FA500C16CB7 /* custom-fido-app.app */;
			productType = "com.apple.product-type.application";
		};
		A90284702BBB2FA600C16CB7 /* custom-fido-appTests */ = {
			isa = PBXNativeTarget;
			buildConfigurationList = A90284882BBB2FA600C16CB7 /* Build configuration list for PBXNativeTarget "custom-fido-appTests" */;
			buildPhases = (
				A902846D2BBB2FA600C16CB7 /* Sources */,
				A902846E2BBB2FA600C16CB7 /* Frameworks */,
				A902846F2BBB2FA600C16CB7 /* Resources */,
			);
			buildRules = (
			);
			dependencies = (
				A90284732BBB2FA600C16CB7 /* PBXTargetDependency */,
			);
			name = "custom-fido-appTests";
			productName = "custom-fido-appTests";
			productReference = A90284712BBB2FA600C16CB7 /* custom-fido-appTests.xctest */;
			productType = "com.apple.product-type.bundle.unit-test";
		};
		A902847A2BBB2FA600C16CB7 /* custom-fido-appUITests */ = {
			isa = PBXNativeTarget;
			buildConfigurationList = A902848B2BBB2FA600C16CB7 /* Build configuration list for PBXNativeTarget "custom-fido-appUITests" */;
			buildPhases = (
				A90284772BBB2FA600C16CB7 /* Sources */,
				A90284782BBB2FA600C16CB7 /* Frameworks */,
				A90284792BBB2FA600C16CB7 /* Resources */,
			);
			buildRules = (
			);
			dependencies = (
				A902847D2BBB2FA600C16CB7 /* PBXTargetDependency */,
			);
			name = "custom-fido-appUITests";
			productName = "custom-fido-appUITests";
			productReference = A902847B2BBB2FA600C16CB7 /* custom-fido-appUITests.xctest */;
			productType = "com.apple.product-type.bundle.ui-testing";
		};
/* End PBXNativeTarget section */

/* Begin PBXProject section */
		A90284592BBB2FA400C16CB7 /* Project object */ = {
			isa = PBXProject;
			attributes = {
				BuildIndependentTargetsInParallel = 1;
				LastSwiftUpdateCheck = 1530;
				LastUpgradeCheck = 1530;
				TargetAttributes = {
					A90284602BBB2FA500C16CB7 = {
						CreatedOnToolsVersion = 15.3;
					};
					A90284702BBB2FA600C16CB7 = {
						CreatedOnToolsVersion = 15.3;
						TestTargetID = A90284602BBB2FA500C16CB7;
					};
					A902847A2BBB2FA600C16CB7 = {
						CreatedOnToolsVersion = 15.3;
						TestTargetID = A90284602BBB2FA500C16CB7;
					};
				};
			};
			buildConfigurationList = A902845C2BBB2FA400C16CB7 /* Build configuration list for PBXProject "custom-fido-app" */;
			compatibilityVersion = "Xcode 14.0";
			developmentRegion = en;
			hasScannedForEncodings = 0;
			knownRegions = (
				en,
				Base,
			);
			mainGroup = A90284582BBB2FA400C16CB7;
			packageReferences = (
				A90284CA2BBBA79100C16CB7 /* XCRemoteSwiftPackageReference "JWTDecode" */,
			);
			productRefGroup = A90284622BBB2FA500C16CB7 /* Products */;
			projectDirPath = "";
			projectRoot = "";
			targets = (
				A90284602BBB2FA500C16CB7 /* custom-fido-app */,
				A90284702BBB2FA600C16CB7 /* custom-fido-appTests */,
				A902847A2BBB2FA600C16CB7 /* custom-fido-appUITests */,
			);
		};
/* End PBXProject section */

/* Begin PBXResourcesBuildPhase section */
		A902845F2BBB2FA500C16CB7 /* Resources */ = {
			isa = PBXResourcesBuildPhase;
			buildActionMask = 2147483647;
			files = (
				A902846C2BBB2FA600C16CB7 /* Preview Assets.xcassets in Resources */,
				A90284692BBB2FA600C16CB7 /* Assets.xcassets in Resources */,
			);
			runOnlyForDeploymentPostprocessing = 0;
		};
		A902846F2BBB2FA600C16CB7 /* Resources */ = {
			isa = PBXResourcesBuildPhase;
			buildActionMask = 2147483647;
			files = (
			);
			runOnlyForDeploymentPostprocessing = 0;
		};
		A90284792BBB2FA600C16CB7 /* Resources */ = {
			isa = PBXResourcesBuildPhase;
			buildActionMask = 2147483647;
			files = (
			);
			runOnlyForDeploymentPostprocessing = 0;
		};
/* End PBXResourcesBuildPhase section */

/* Begin PBXSourcesBuildPhase section */
		A902845D2BBB2FA500C16CB7 /* Sources */ = {
			isa = PBXSourcesBuildPhase;
			buildActionMask = 2147483647;
			files = (
				A90284B32BBB467500C16CB7 /* Attestation.swift in Sources */,
				A90284B42BBB467500C16CB7 /* Authenticator.swift in Sources */,
				A90284B52BBB467500C16CB7 /* AuthenticatorCreateCredentialsSession.swift in Sources */,
				A90284B62BBB467500C16CB7 /* AuthenticatorData.swift in Sources */,
				A90284B72BBB467500C16CB7 /* AuthenticatorProvider.swift in Sources */,
				A90284B82BBB467500C16CB7 /* BiometricVerification.swift in Sources */,
				A90284CF2BBDC5E900C16CB7 /* AuthenticatorGetCredentialsAssertionSession.swift in Sources */,
				A90284B92BBB467500C16CB7 /* KeySupport.swift in Sources */,
				A90284BA2BBB467500C16CB7 /* SelfAttestation.swift in Sources */,
				A90284BB2BBB467500C16CB7 /* KeyPair.swift in Sources */,
				A90284BD2BBB467500C16CB7 /* Base64.swift in Sources */,
				A90284BE2BBB467500C16CB7 /* CBOR.swift in Sources */,
				A90284BF2BBB467500C16CB7 /* COSE.swift in Sources */,
				A90284C02BBB467500C16CB7 /* Hex.swift in Sources */,
				A90284C12BBB467500C16CB7 /* JSON.swift in Sources */,
				A90284C22BBB467500C16CB7 /* Logger.swift in Sources */,
				A90284C32BBB467500C16CB7 /* UUID.swift in Sources */,
				A90284C42BBB467500C16CB7 /* ClientCreateOperation.swift in Sources */,
				A90284C52BBB467500C16CB7 /* ClientGetOperation.swift in Sources */,
				A90284C62BBB467500C16CB7 /* CredentialSource.swift in Sources */,
				A9592FD62BC61603008EE0EF /* PublicKey.swift in Sources */,
				A90284C72BBB467500C16CB7 /* CredentialStore.swift in Sources */,
				A90284C82BBB467500C16CB7 /* Fido2Types.swift in Sources */,
				A90284C92BBB467500C16CB7 /* Fido2Auth.swift in Sources */,
				A90284672BBB2FA500C16CB7 /* ContentView.swift in Sources */,
				A90284652BBB2FA500C16CB7 /* custom_fido_appApp.swift in Sources */,
			);
			runOnlyForDeploymentPostprocessing = 0;
		};
		A902846D2BBB2FA600C16CB7 /* Sources */ = {
			isa = PBXSourcesBuildPhase;
			buildActionMask = 2147483647;
			files = (
				A90284762BBB2FA600C16CB7 /* custom_fido_appTests.swift in Sources */,
			);
			runOnlyForDeploymentPostprocessing = 0;
		};
		A90284772BBB2FA600C16CB7 /* Sources */ = {
			isa = PBXSourcesBuildPhase;
			buildActionMask = 2147483647;
			files = (
				A90284802BBB2FA600C16CB7 /* custom_fido_appUITests.swift in Sources */,
				A90284822BBB2FA600C16CB7 /* custom_fido_appUITestsLaunchTests.swift in Sources */,
			);
			runOnlyForDeploymentPostprocessing = 0;
		};
/* End PBXSourcesBuildPhase section */

/* Begin PBXTargetDependency section */
		A90284732BBB2FA600C16CB7 /* PBXTargetDependency */ = {
			isa = PBXTargetDependency;
			target = A90284602BBB2FA500C16CB7 /* custom-fido-app */;
			targetProxy = A90284722BBB2FA600C16CB7 /* PBXContainerItemProxy */;
		};
		A902847D2BBB2FA600C16CB7 /* PBXTargetDependency */ = {
			isa = PBXTargetDependency;
			target = A90284602BBB2FA500C16CB7 /* custom-fido-app */;
			targetProxy = A902847C2BBB2FA600C16CB7 /* PBXContainerItemProxy */;
		};
/* End PBXTargetDependency section */

/* Begin XCBuildConfiguration section */
		A90284832BBB2FA600C16CB7 /* Debug */ = {
			isa = XCBuildConfiguration;
			buildSettings = {
				ALWAYS_SEARCH_USER_PATHS = NO;
				ASSETCATALOG_COMPILER_GENERATE_SWIFT_ASSET_SYMBOL_EXTENSIONS = YES;
				CLANG_ANALYZER_NONNULL = YES;
				CLANG_ANALYZER_NUMBER_OBJECT_CONVERSION = YES_AGGRESSIVE;
				CLANG_CXX_LANGUAGE_STANDARD = "gnu++20";
				CLANG_ENABLE_MODULES = YES;
				CLANG_ENABLE_OBJC_ARC = YES;
				CLANG_ENABLE_OBJC_WEAK = YES;
				CLANG_WARN_BLOCK_CAPTURE_AUTORELEASING = YES;
				CLANG_WARN_BOOL_CONVERSION = YES;
				CLANG_WARN_COMMA = YES;
				CLANG_WARN_CONSTANT_CONVERSION = YES;
				CLANG_WARN_DEPRECATED_OBJC_IMPLEMENTATIONS = YES;
				CLANG_WARN_DIRECT_OBJC_ISA_USAGE = YES_ERROR;
				CLANG_WARN_DOCUMENTATION_COMMENTS = YES;
				CLANG_WARN_EMPTY_BODY = YES;
				CLANG_WARN_ENUM_CONVERSION = YES;
				CLANG_WARN_INFINITE_RECURSION = YES;
				CLANG_WARN_INT_CONVERSION = YES;
				CLANG_WARN_NON_LITERAL_NULL_CONVERSION = YES;
				CLANG_WARN_OBJC_IMPLICIT_RETAIN_SELF = YES;
				CLANG_WARN_OBJC_LITERAL_CONVERSION = YES;
				CLANG_WARN_OBJC_ROOT_CLASS = YES_ERROR;
				CLANG_WARN_QUOTED_INCLUDE_IN_FRAMEWORK_HEADER = YES;
				CLANG_WARN_RANGE_LOOP_ANALYSIS = YES;
				CLANG_WARN_STRICT_PROTOTYPES = YES;
				CLANG_WARN_SUSPICIOUS_MOVE = YES;
				CLANG_WARN_UNGUARDED_AVAILABILITY = YES_AGGRESSIVE;
				CLANG_WARN_UNREACHABLE_CODE = YES;
				CLANG_WARN__DUPLICATE_METHOD_MATCH = YES;
				COPY_PHASE_STRIP = NO;
				DEBUG_INFORMATION_FORMAT = dwarf;
				ENABLE_STRICT_OBJC_MSGSEND = YES;
				ENABLE_TESTABILITY = YES;
				ENABLE_USER_SCRIPT_SANDBOXING = YES;
				GCC_C_LANGUAGE_STANDARD = gnu17;
				GCC_DYNAMIC_NO_PIC = NO;
				GCC_NO_COMMON_BLOCKS = YES;
				GCC_OPTIMIZATION_LEVEL = 0;
				GCC_PREPROCESSOR_DEFINITIONS = (
					"DEBUG=1",
					"$(inherited)",
				);
				GCC_WARN_64_TO_32_BIT_CONVERSION = YES;
				GCC_WARN_ABOUT_RETURN_TYPE = YES_ERROR;
				GCC_WARN_UNDECLARED_SELECTOR = YES;
				GCC_WARN_UNINITIALIZED_AUTOS = YES_AGGRESSIVE;
				GCC_WARN_UNUSED_FUNCTION = YES;
				GCC_WARN_UNUSED_VARIABLE = YES;
				INFOPLIST_KEY_NSFaceIDUsageDescription = Description;
				IPHONEOS_DEPLOYMENT_TARGET = 15.0;
				LOCALIZATION_PREFERS_STRING_CATALOGS = YES;
				MTL_ENABLE_DEBUG_INFO = INCLUDE_SOURCE;
				MTL_FAST_MATH = YES;
				ONLY_ACTIVE_ARCH = YES;
				SDKROOT = iphoneos;
				SWIFT_ACTIVE_COMPILATION_CONDITIONS = "DEBUG $(inherited)";
				SWIFT_OPTIMIZATION_LEVEL = "-Onone";
			};
			name = Debug;
		};
		A90284842BBB2FA600C16CB7 /* Release */ = {
			isa = XCBuildConfiguration;
			buildSettings = {
				ALWAYS_SEARCH_USER_PATHS = NO;
				ASSETCATALOG_COMPILER_GENERATE_SWIFT_ASSET_SYMBOL_EXTENSIONS = YES;
				CLANG_ANALYZER_NONNULL = YES;
				CLANG_ANALYZER_NUMBER_OBJECT_CONVERSION = YES_AGGRESSIVE;
				CLANG_CXX_LANGUAGE_STANDARD = "gnu++20";
				CLANG_ENABLE_MODULES = YES;
				CLANG_ENABLE_OBJC_ARC = YES;
				CLANG_ENABLE_OBJC_WEAK = YES;
				CLANG_WARN_BLOCK_CAPTURE_AUTORELEASING = YES;
				CLANG_WARN_BOOL_CONVERSION = YES;
				CLANG_WARN_COMMA = YES;
				CLANG_WARN_CONSTANT_CONVERSION = YES;
				CLANG_WARN_DEPRECATED_OBJC_IMPLEMENTATIONS = YES;
				CLANG_WARN_DIRECT_OBJC_ISA_USAGE = YES_ERROR;
				CLANG_WARN_DOCUMENTATION_COMMENTS = YES;
				CLANG_WARN_EMPTY_BODY = YES;
				CLANG_WARN_ENUM_CONVERSION = YES;
				CLANG_WARN_INFINITE_RECURSION = YES;
				CLANG_WARN_INT_CONVERSION = YES;
				CLANG_WARN_NON_LITERAL_NULL_CONVERSION = YES;
				CLANG_WARN_OBJC_IMPLICIT_RETAIN_SELF = YES;
				CLANG_WARN_OBJC_LITERAL_CONVERSION = YES;
				CLANG_WARN_OBJC_ROOT_CLASS = YES_ERROR;
				CLANG_WARN_QUOTED_INCLUDE_IN_FRAMEWORK_HEADER = YES;
				CLANG_WARN_RANGE_LOOP_ANALYSIS = YES;
				CLANG_WARN_STRICT_PROTOTYPES = YES;
				CLANG_WARN_SUSPICIOUS_MOVE = YES;
				CLANG_WARN_UNGUARDED_AVAILABILITY = YES_AGGRESSIVE;
				CLANG_WARN_UNREACHABLE_CODE = YES;
				CLANG_WARN__DUPLICATE_METHOD_MATCH = YES;
				COPY_PHASE_STRIP = NO;
				DEBUG_INFORMATION_FORMAT = "dwarf-with-dsym";
				ENABLE_NS_ASSERTIONS = NO;
				ENABLE_STRICT_OBJC_MSGSEND = YES;
				ENABLE_USER_SCRIPT_SANDBOXING = YES;
				GCC_C_LANGUAGE_STANDARD = gnu17;
				GCC_NO_COMMON_BLOCKS = YES;
				GCC_WARN_64_TO_32_BIT_CONVERSION = YES;
				GCC_WARN_ABOUT_RETURN_TYPE = YES_ERROR;
				GCC_WARN_UNDECLARED_SELECTOR = YES;
				GCC_WARN_UNINITIALIZED_AUTOS = YES_AGGRESSIVE;
				GCC_WARN_UNUSED_FUNCTION = YES;
				GCC_WARN_UNUSED_VARIABLE = YES;
				INFOPLIST_KEY_NSFaceIDUsageDescription = Description;
				IPHONEOS_DEPLOYMENT_TARGET = 15.0;
				LOCALIZATION_PREFERS_STRING_CATALOGS = YES;
				MTL_ENABLE_DEBUG_INFO = NO;
				MTL_FAST_MATH = YES;
				SDKROOT = iphoneos;
				SWIFT_COMPILATION_MODE = wholemodule;
				VALIDATE_PRODUCT = YES;
			};
			name = Release;
		};
		A90284862BBB2FA600C16CB7 /* Debug */ = {
			isa = XCBuildConfiguration;
			buildSettings = {
				ASSETCATALOG_COMPILER_APPICON_NAME = AppIcon;
				ASSETCATALOG_COMPILER_GLOBAL_ACCENT_COLOR_NAME = AccentColor;
				CODE_SIGN_STYLE = Automatic;
				CURRENT_PROJECT_VERSION = 1;
				DEVELOPMENT_ASSET_PATHS = "\"custom-fido-app/Preview Content\"";
				DEVELOPMENT_TEAM = T6XRW2M66P;
				ENABLE_PREVIEWS = YES;
				GENERATE_INFOPLIST_FILE = YES;
				INFOPLIST_KEY_NSFaceIDUsageDescription = "This is for test purposes";
				INFOPLIST_KEY_UIApplicationSceneManifest_Generation = YES;
				INFOPLIST_KEY_UIApplicationSupportsIndirectInputEvents = YES;
				INFOPLIST_KEY_UILaunchScreen_Generation = YES;
				INFOPLIST_KEY_UISupportedInterfaceOrientations_iPad = "UIInterfaceOrientationPortrait UIInterfaceOrientationPortraitUpsideDown UIInterfaceOrientationLandscapeLeft UIInterfaceOrientationLandscapeRight";
				INFOPLIST_KEY_UISupportedInterfaceOrientations_iPhone = "UIInterfaceOrientationPortrait UIInterfaceOrientationLandscapeLeft UIInterfaceOrientationLandscapeRight";
				IPHONEOS_DEPLOYMENT_TARGET = 15.0;
				LD_RUNPATH_SEARCH_PATHS = (
					"$(inherited)",
					"@executable_path/Frameworks",
				);
				MARKETING_VERSION = 1.0;
				PRODUCT_BUNDLE_IDENTIFIER = "com.antonioalanya.custom-fido-app";
				PRODUCT_NAME = "$(TARGET_NAME)";
				SWIFT_EMIT_LOC_STRINGS = YES;
				SWIFT_VERSION = 5.0;
				TARGETED_DEVICE_FAMILY = "1,2";
			};
			name = Debug;
		};
		A90284872BBB2FA600C16CB7 /* Release */ = {
			isa = XCBuildConfiguration;
			buildSettings = {
				ASSETCATALOG_COMPILER_APPICON_NAME = AppIcon;
				ASSETCATALOG_COMPILER_GLOBAL_ACCENT_COLOR_NAME = AccentColor;
				CODE_SIGN_STYLE = Automatic;
				CURRENT_PROJECT_VERSION = 1;
				DEVELOPMENT_ASSET_PATHS = "\"custom-fido-app/Preview Content\"";
				DEVELOPMENT_TEAM = T6XRW2M66P;
				ENABLE_PREVIEWS = YES;
				GENERATE_INFOPLIST_FILE = YES;
				INFOPLIST_KEY_NSFaceIDUsageDescription = "This is for test purposes";
				INFOPLIST_KEY_UIApplicationSceneManifest_Generation = YES;
				INFOPLIST_KEY_UIApplicationSupportsIndirectInputEvents = YES;
				INFOPLIST_KEY_UILaunchScreen_Generation = YES;
				INFOPLIST_KEY_UISupportedInterfaceOrientations_iPad = "UIInterfaceOrientationPortrait UIInterfaceOrientationPortraitUpsideDown UIInterfaceOrientationLandscapeLeft UIInterfaceOrientationLandscapeRight";
				INFOPLIST_KEY_UISupportedInterfaceOrientations_iPhone = "UIInterfaceOrientationPortrait UIInterfaceOrientationLandscapeLeft UIInterfaceOrientationLandscapeRight";
				IPHONEOS_DEPLOYMENT_TARGET = 15.0;
				LD_RUNPATH_SEARCH_PATHS = (
					"$(inherited)",
					"@executable_path/Frameworks",
				);
				MARKETING_VERSION = 1.0;
				PRODUCT_BUNDLE_IDENTIFIER = "com.antonioalanya.custom-fido-app";
				PRODUCT_NAME = "$(TARGET_NAME)";
				SWIFT_EMIT_LOC_STRINGS = YES;
				SWIFT_VERSION = 5.0;
				TARGETED_DEVICE_FAMILY = "1,2";
			};
			name = Release;
		};
		A90284892BBB2FA600C16CB7 /* Debug */ = {
			isa = XCBuildConfiguration;
			buildSettings = {
				ALWAYS_EMBED_SWIFT_STANDARD_LIBRARIES = YES;
				BUNDLE_LOADER = "$(TEST_HOST)";
				CODE_SIGN_STYLE = Automatic;
				CURRENT_PROJECT_VERSION = 1;
				DEVELOPMENT_TEAM = T6XRW2M66P;
				GENERATE_INFOPLIST_FILE = YES;
				IPHONEOS_DEPLOYMENT_TARGET = 15.0;
				MARKETING_VERSION = 1.0;
				PRODUCT_BUNDLE_IDENTIFIER = "com.antonioalanya.custom-fido-appTests";
				PRODUCT_NAME = "$(TARGET_NAME)";
				SWIFT_EMIT_LOC_STRINGS = NO;
				SWIFT_VERSION = 5.0;
				TARGETED_DEVICE_FAMILY = "1,2";
				TEST_HOST = "$(BUILT_PRODUCTS_DIR)/custom-fido-app.app/$(BUNDLE_EXECUTABLE_FOLDER_PATH)/custom-fido-app";
			};
			name = Debug;
		};
		A902848A2BBB2FA600C16CB7 /* Release */ = {
			isa = XCBuildConfiguration;
			buildSettings = {
				ALWAYS_EMBED_SWIFT_STANDARD_LIBRARIES = YES;
				BUNDLE_LOADER = "$(TEST_HOST)";
				CODE_SIGN_STYLE = Automatic;
				CURRENT_PROJECT_VERSION = 1;
				DEVELOPMENT_TEAM = T6XRW2M66P;
				GENERATE_INFOPLIST_FILE = YES;
				IPHONEOS_DEPLOYMENT_TARGET = 15.0;
				MARKETING_VERSION = 1.0;
				PRODUCT_BUNDLE_IDENTIFIER = "com.antonioalanya.custom-fido-appTests";
				PRODUCT_NAME = "$(TARGET_NAME)";
				SWIFT_EMIT_LOC_STRINGS = NO;
				SWIFT_VERSION = 5.0;
				TARGETED_DEVICE_FAMILY = "1,2";
				TEST_HOST = "$(BUILT_PRODUCTS_DIR)/custom-fido-app.app/$(BUNDLE_EXECUTABLE_FOLDER_PATH)/custom-fido-app";
			};
			name = Release;
		};
		A902848C2BBB2FA600C16CB7 /* Debug */ = {
			isa = XCBuildConfiguration;
			buildSettings = {
				ALWAYS_EMBED_SWIFT_STANDARD_LIBRARIES = YES;
				CODE_SIGN_STYLE = Automatic;
				CURRENT_PROJECT_VERSION = 1;
				GENERATE_INFOPLIST_FILE = YES;
				MARKETING_VERSION = 1.0;
				PRODUCT_BUNDLE_IDENTIFIER = "com.antonioalanya.custom-fido-appUITests";
				PRODUCT_NAME = "$(TARGET_NAME)";
				SWIFT_EMIT_LOC_STRINGS = NO;
				SWIFT_VERSION = 5.0;
				TARGETED_DEVICE_FAMILY = "1,2";
				TEST_TARGET_NAME = "custom-fido-app";
			};
			name = Debug;
		};
		A902848D2BBB2FA600C16CB7 /* Release */ = {
			isa = XCBuildConfiguration;
			buildSettings = {
				ALWAYS_EMBED_SWIFT_STANDARD_LIBRARIES = YES;
				CODE_SIGN_STYLE = Automatic;
				CURRENT_PROJECT_VERSION = 1;
				GENERATE_INFOPLIST_FILE = YES;
				MARKETING_VERSION = 1.0;
				PRODUCT_BUNDLE_IDENTIFIER = "com.antonioalanya.custom-fido-appUITests";
				PRODUCT_NAME = "$(TARGET_NAME)";
				SWIFT_EMIT_LOC_STRINGS = NO;
				SWIFT_VERSION = 5.0;
				TARGETED_DEVICE_FAMILY = "1,2";
				TEST_TARGET_NAME = "custom-fido-app";
			};
			name = Release;
		};
/* End XCBuildConfiguration section */

/* Begin XCConfigurationList section */
		A902845C2BBB2FA400C16CB7 /* Build configuration list for PBXProject "custom-fido-app" */ = {
			isa = XCConfigurationList;
			buildConfigurations = (
				A90284832BBB2FA600C16CB7 /* Debug */,
				A90284842BBB2FA600C16CB7 /* Release */,
			);
			defaultConfigurationIsVisible = 0;
			defaultConfigurationName = Release;
		};
		A90284852BBB2FA600C16CB7 /* Build configuration list for PBXNativeTarget "custom-fido-app" */ = {
			isa = XCConfigurationList;
			buildConfigurations = (
				A90284862BBB2FA600C16CB7 /* Debug */,
				A90284872BBB2FA600C16CB7 /* Release */,
			);
			defaultConfigurationIsVisible = 0;
			defaultConfigurationName = Release;
		};
		A90284882BBB2FA600C16CB7 /* Build configuration list for PBXNativeTarget "custom-fido-appTests" */ = {
			isa = XCConfigurationList;
			buildConfigurations = (
				A90284892BBB2FA600C16CB7 /* Debug */,
				A902848A2BBB2FA600C16CB7 /* Release */,
			);
			defaultConfigurationIsVisible = 0;
			defaultConfigurationName = Release;
		};
		A902848B2BBB2FA600C16CB7 /* Build configuration list for PBXNativeTarget "custom-fido-appUITests" */ = {
			isa = XCConfigurationList;
			buildConfigurations = (
				A902848C2BBB2FA600C16CB7 /* Debug */,
				A902848D2BBB2FA600C16CB7 /* Release */,
			);
			defaultConfigurationIsVisible = 0;
			defaultConfigurationName = Release;
		};
/* End XCConfigurationList section */

/* Begin XCRemoteSwiftPackageReference section */
		A90284CA2BBBA79100C16CB7 /* XCRemoteSwiftPackageReference "JWTDecode" */ = {
			isa = XCRemoteSwiftPackageReference;
			repositoryURL = "https://github.com/auth0/JWTDecode.swift";
			requirement = {
				kind = upToNextMajorVersion;
				minimumVersion = 3.1.0;
			};
		};
/* End XCRemoteSwiftPackageReference section */

/* Begin XCSwiftPackageProductDependency section */
		A90284CC2BBBAB7300C16CB7 /* JWTDecode */ = {
			isa = XCSwiftPackageProductDependency;
			package = A90284CA2BBBA79100C16CB7 /* XCRemoteSwiftPackageReference "JWTDecode" */;
			productName = JWTDecode;
		};
/* End XCSwiftPackageProductDependency section */
	};
	rootObject = A90284592BBB2FA400C16CB7 /* Project object */;
}
